
Microsoft Visual Studio Solution File, Format Version 12.00
# Visual Studio 14
VisualStudioVersion = 14.0.23107.0
MinimumVisualStudioVersion = 10.0.40219.1
Project("{FAE04EC0-301F-11D3-BF4B-00C04F79EFBC}") = "OpenB.Modeling", "OpenB.Modeling\OpenB.Modeling.csproj", "{9A5BF565-80ED-41BF-8110-E968CC97B477}"
EndProject
Project("{FAE04EC0-301F-11D3-BF4B-00C04F79EFBC}") = "OpenB.Modeling.Test", "OpenB.Modeling.Test\OpenB.Modeling.Test.csproj", "{E8BAF7BC-2437-47AA-B18E-D6924675FBB3}"
EndProject
Project("{FAE04EC0-301F-11D3-BF4B-00C04F79EFBC}") = "OpenB.Core", "OpenB.Core\OpenB.Core.csproj", "{3A08F31D-9FE5-4434-9B60-9815FD6B6114}"
EndProject
Project("{FAE04EC0-301F-11D3-BF4B-00C04F79EFBC}") = "OpenB.DSL", "OpenB.DSL\OpenB.DSL.csproj", "{DFDD14AE-19BA-41A5-B83A-842A648ED3B0}"
EndProject
Project("{FAE04EC0-301F-11D3-BF4B-00C04F79EFBC}") = "OpenB.DataStore.MongoDB", "OpenB.DataStore.MongoDB\OpenB.DataStore.MongoDB.csproj", "{A44DB555-F7C2-49B9-A6C3-517460A8D93A}"
EndProject
Project("{FAE04EC0-301F-11D3-BF4B-00C04F79EFBC}") = "OpenB.DataStore.MongoDB.Test", "OpenB.DataStore.MongoDB.Test\OpenB.DataStore.MongoDB.Test.csproj", "{5DE1531D-FAAA-4180-AE14-0F3547AEC5EF}"
EndProject
Project("{FAE04EC0-301F-11D3-BF4B-00C04F79EFBC}") = "OpenB.DSL.Test", "OpenB.DSL.Test\OpenB.DSL.Test.csproj", "{E2191AC3-8D49-46BA-9B35-51DE3A279459}"
EndProject
Project("{2150E333-8FDC-42A3-9474-1A3956D46DE8}") = "DDOM", "DDOM", "{33F7EEF1-96A0-4FDA-BFC3-6949B59D3F69}"
EndProject
Project("{FAE04EC0-301F-11D3-BF4B-00C04F79EFBC}") = "OpenB.Web", "OpenB.Web\OpenB.Web.csproj", "{AC663479-D745-4721-B8AF-F8D2DECF9F64}"
EndProject
Project("{2150E333-8FDC-42A3-9474-1A3956D46DE8}") = "Web", "Web", "{AA033248-E23B-467C-8D7A-C43C40CC0FA0}"
EndProject
Project("{FAE04EC0-301F-11D3-BF4B-00C04F79EFBC}") = "OpenB.Web.Server.Console", "OpenB.Web.Server.Console\OpenB.Web.Server.Console.csproj", "{A881D6E2-3940-46B6-AA41-7E9F7E343220}"
EndProject
Project("{FAE04EC0-301F-11D3-BF4B-00C04F79EFBC}") = "OpenB.Web.Bootstrap", "OpenB.Web.Bootstrap\OpenB.Web.Bootstrap.csproj", "{00B5A46A-1E95-4D6A-B38B-C10242E9EE32}"
EndProject
Project("{FAE04EC0-301F-11D3-BF4B-00C04F79EFBC}") = "OpenB.Web.Test", "OpenB.Web.Test\OpenB.Web.Test.csproj", "{9747EE9B-87CF-4911-8400-354EEA6C94AF}"
EndProject
Global
	GlobalSection(SolutionConfigurationPlatforms) = preSolution
		Debug|Any CPU = Debug|Any CPU
		Release|Any CPU = Release|Any CPU
	EndGlobalSection
	GlobalSection(ProjectConfigurationPlatforms) = postSolution
		{9A5BF565-80ED-41BF-8110-E968CC97B477}.Debug|Any CPU.ActiveCfg = Debug|Any CPU
		{9A5BF565-80ED-41BF-8110-E968CC97B477}.Debug|Any CPU.Build.0 = Debug|Any CPU
		{9A5BF565-80ED-41BF-8110-E968CC97B477}.Release|Any CPU.ActiveCfg = Release|Any CPU
		{9A5BF565-80ED-41BF-8110-E968CC97B477}.Release|Any CPU.Build.0 = Release|Any CPU
		{E8BAF7BC-2437-47AA-B18E-D6924675FBB3}.Debug|Any CPU.ActiveCfg = Debug|Any CPU
		{E8BAF7BC-2437-47AA-B18E-D6924675FBB3}.Debug|Any CPU.Build.0 = Debug|Any CPU
		{E8BAF7BC-2437-47AA-B18E-D6924675FBB3}.Release|Any CPU.ActiveCfg = Release|Any CPU
		{3A08F31D-9FE5-4434-9B60-9815FD6B6114}.Debug|Any CPU.ActiveCfg = Debug|Any CPU
		{3A08F31D-9FE5-4434-9B60-9815FD6B6114}.Debug|Any CPU.Build.0 = Debug|Any CPU
		{3A08F31D-9FE5-4434-9B60-9815FD6B6114}.Release|Any CPU.ActiveCfg = Release|Any CPU
		{3A08F31D-9FE5-4434-9B60-9815FD6B6114}.Release|Any CPU.Build.0 = Release|Any CPU
		{DFDD14AE-19BA-41A5-B83A-842A648ED3B0}.Debug|Any CPU.ActiveCfg = Debug|Any CPU
		{DFDD14AE-19BA-41A5-B83A-842A648ED3B0}.Debug|Any CPU.Build.0 = Debug|Any CPU
		{DFDD14AE-19BA-41A5-B83A-842A648ED3B0}.Release|Any CPU.ActiveCfg = Release|Any CPU
		{DFDD14AE-19BA-41A5-B83A-842A648ED3B0}.Release|Any CPU.Build.0 = Release|Any CPU
		{A44DB555-F7C2-49B9-A6C3-517460A8D93A}.Debug|Any CPU.ActiveCfg = Debug|Any CPU
		{A44DB555-F7C2-49B9-A6C3-517460A8D93A}.Debug|Any CPU.Build.0 = Debug|Any CPU
		{A44DB555-F7C2-49B9-A6C3-517460A8D93A}.Release|Any CPU.ActiveCfg = Release|Any CPU
		{A44DB555-F7C2-49B9-A6C3-517460A8D93A}.Release|Any CPU.Build.0 = Release|Any CPU
		{5DE1531D-FAAA-4180-AE14-0F3547AEC5EF}.Debug|Any CPU.ActiveCfg = Debug|Any CPU
		{5DE1531D-FAAA-4180-AE14-0F3547AEC5EF}.Debug|Any CPU.Build.0 = Debug|Any CPU
		{5DE1531D-FAAA-4180-AE14-0F3547AEC5EF}.Release|Any CPU.ActiveCfg = Release|Any CPU
		{5DE1531D-FAAA-4180-AE14-0F3547AEC5EF}.Release|Any CPU.Build.0 = Release|Any CPU
		{E2191AC3-8D49-46BA-9B35-51DE3A279459}.Debug|Any CPU.ActiveCfg = Debug|Any CPU
		{E2191AC3-8D49-46BA-9B35-51DE3A279459}.Debug|Any CPU.Build.0 = Debug|Any CPU
		{E2191AC3-8D49-46BA-9B35-51DE3A279459}.Release|Any CPU.ActiveCfg = Release|Any CPU
		{E2191AC3-8D49-46BA-9B35-51DE3A279459}.Release|Any CPU.Build.0 = Release|Any CPU
		{AC663479-D745-4721-B8AF-F8D2DECF9F64}.Debug|Any CPU.ActiveCfg = Debug|Any CPU
		{AC663479-D745-4721-B8AF-F8D2DECF9F64}.Debug|Any CPU.Build.0 = Debug|Any CPU
		{AC663479-D745-4721-B8AF-F8D2DECF9F64}.Release|Any CPU.ActiveCfg = Release|Any CPU
		{AC663479-D745-4721-B8AF-F8D2DECF9F64}.Release|Any CPU.Build.0 = Release|Any CPU
		{A881D6E2-3940-46B6-AA41-7E9F7E343220}.Debug|Any CPU.ActiveCfg = Debug|Any CPU
		{A881D6E2-3940-46B6-AA41-7E9F7E343220}.Debug|Any CPU.Build.0 = Debug|Any CPU
		{A881D6E2-3940-46B6-AA41-7E9F7E343220}.Release|Any CPU.ActiveCfg = Release|Any CPU
		{A881D6E2-3940-46B6-AA41-7E9F7E343220}.Release|Any CPU.Build.0 = Release|Any CPU
		{00B5A46A-1E95-4D6A-B38B-C10242E9EE32}.Debug|Any CPU.ActiveCfg = Debug|Any CPU
		{00B5A46A-1E95-4D6A-B38B-C10242E9EE32}.Debug|Any CPU.Build.0 = Debug|Any CPU
		{00B5A46A-1E95-4D6A-B38B-C10242E9EE32}.Release|Any CPU.ActiveCfg = Release|Any CPU
		{00B5A46A-1E95-4D6A-B38B-C10242E9EE32}.Release|Any CPU.Build.0 = Release|Any CPU
		{9747EE9B-87CF-4911-8400-354EEA6C94AF}.Debug|Any CPU.ActiveCfg = Debug|Any CPU
		{9747EE9B-87CF-4911-8400-354EEA6C94AF}.Debug|Any CPU.Build.0 = Debug|Any CPU
		{9747EE9B-87CF-4911-8400-354EEA6C94AF}.Release|Any CPU.ActiveCfg = Release|Any CPU
		{9747EE9B-87CF-4911-8400-354EEA6C94AF}.Release|Any CPU.Build.0 = Release|Any CPU
	EndGlobalSection
	GlobalSection(SolutionProperties) = preSolution
		HideSolutionNode = FALSE
	EndGlobalSection
	GlobalSection(NestedProjects) = preSolution
		{9A5BF565-80ED-41BF-8110-E968CC97B477} = {33F7EEF1-96A0-4FDA-BFC3-6949B59D3F69}
		{E8BAF7BC-2437-47AA-B18E-D6924675FBB3} = {33F7EEF1-96A0-4FDA-BFC3-6949B59D3F69}
		{AC663479-D745-4721-B8AF-F8D2DECF9F64} = {AA033248-E23B-467C-8D7A-C43C40CC0FA0}
		{A881D6E2-3940-46B6-AA41-7E9F7E343220} = {AA033248-E23B-467C-8D7A-C43C40CC0FA0}
		{00B5A46A-1E95-4D6A-B38B-C10242E9EE32} = {AA033248-E23B-467C-8D7A-C43C40CC0FA0}
		{9747EE9B-87CF-4911-8400-354EEA6C94AF} = {AA033248-E23B-467C-8D7A-C43C40CC0FA0}
	EndGlobalSection
EndGlobal
